// !$*UTF8*$!
{
	archiveVersion = 1;
	classes = {
	};
	objectVersion = 46;
	objects = {

/* Begin PBXBuildFile section */
		176FC6281DDA716B00E1CD61 /* AppDelegate.swift in Sources */ = {isa = PBXBuildFile; fileRef = 176FC6271DDA716B00E1CD61 /* AppDelegate.swift */; };
		176FC62A1DDA716B00E1CD61 /* EhVC.swift in Sources */ = {isa = PBXBuildFile; fileRef = 176FC6291DDA716B00E1CD61 /* EhVC.swift */; };
		176FC62C1DDA716B00E1CD61 /* BeeVC.swift in Sources */ = {isa = PBXBuildFile; fileRef = 176FC62B1DDA716B00E1CD61 /* BeeVC.swift */; };
		176FC62F1DDA716B00E1CD61 /* Main.storyboard in Resources */ = {isa = PBXBuildFile; fileRef = 176FC62D1DDA716B00E1CD61 /* Main.storyboard */; };
		176FC6311DDA716B00E1CD61 /* Assets.xcassets in Resources */ = {isa = PBXBuildFile; fileRef = 176FC6301DDA716B00E1CD61 /* Assets.xcassets */; };
		176FC6341DDA716B00E1CD61 /* LaunchScreen.storyboard in Resources */ = {isa = PBXBuildFile; fileRef = 176FC6321DDA716B00E1CD61 /* LaunchScreen.storyboard */; };
		176FC63C1DDA746800E1CD61 /* SeaVC.swift in Sources */ = {isa = PBXBuildFile; fileRef = 176FC63B1DDA746800E1CD61 /* SeaVC.swift */; };
/* End PBXBuildFile section */

/* Begin PBXFileReference section */
		176FC6241DDA716B00E1CD61 /* Git-ICE-SB.app */ = {isa = PBXFileReference; explicitFileType = wrapper.application; includeInIndex = 0; path = "Git-ICE-SB.app"; sourceTree = BUILT_PRODUCTS_DIR; };
		176FC6271DDA716B00E1CD61 /* AppDelegate.swift */ = {isa = PBXFileReference; lastKnownFileType = sourcecode.swift; path = AppDelegate.swift; sourceTree = "<group>"; };
		176FC6291DDA716B00E1CD61 /* EhVC.swift */ = {isa = PBXFileReference; lastKnownFileType = sourcecode.swift; path = EhVC.swift; sourceTree = "<group>"; };
		176FC62B1DDA716B00E1CD61 /* BeeVC.swift */ = {isa = PBXFileReference; lastKnownFileType = sourcecode.swift; path = BeeVC.swift; sourceTree = "<group>"; };
		176FC62E1DDA716B00E1CD61 /* Base */ = {isa = PBXFileReference; lastKnownFileType = file.storyboard; name = Base; path = Base.lproj/Main.storyboard; sourceTree = "<group>"; };
		176FC6301DDA716B00E1CD61 /* Assets.xcassets */ = {isa = PBXFileReference; lastKnownFileType = folder.assetcatalog; path = Assets.xcassets; sourceTree = "<group>"; };
		176FC6331DDA716B00E1CD61 /* Base */ = {isa = PBXFileReference; lastKnownFileType = file.storyboard; name = Base; path = Base.lproj/LaunchScreen.storyboard; sourceTree = "<group>"; };
		176FC6351DDA716B00E1CD61 /* Info.plist */ = {isa = PBXFileReference; lastKnownFileType = text.plist.xml; path = Info.plist; sourceTree = "<group>"; };
		176FC63B1DDA746800E1CD61 /* SeaVC.swift */ = {isa = PBXFileReference; fileEncoding = 4; lastKnownFileType = sourcecode.swift; path = SeaVC.swift; sourceTree = "<group>"; };
/* End PBXFileReference section */

/* Begin PBXFrameworksBuildPhase section */
		176FC6211DDA716B00E1CD61 /* Frameworks */ = {
			isa = PBXFrameworksBuildPhase;
			buildActionMask = 2147483647;
			files = (
			);
			runOnlyForDeploymentPostprocessing = 0;
		};
/* End PBXFrameworksBuildPhase section */

/* Begin PBXGroup section */
		176FC61B1DDA716B00E1CD61 = {
			isa = PBXGroup;
			children = (
				176FC63B1DDA746800E1CD61 /* SeaVC.swift */,
				176FC6261DDA716B00E1CD61 /* Git-ICE-SB */,
				176FC6251DDA716B00E1CD61 /* Products */,
			);
			sourceTree = "<group>";
		};
		176FC6251DDA716B00E1CD61 /* Products */ = {
			isa = PBXGroup;
			children = (
				176FC6241DDA716B00E1CD61 /* Git-ICE-SB.app */,
			);
			name = Products;
			sourceTree = "<group>";
		};
		176FC6261DDA716B00E1CD61 /* Git-ICE-SB */ = {
			isa = PBXGroup;
			children = (
				176FC6271DDA716B00E1CD61 /* AppDelegate.swift */,
				176FC6291DDA716B00E1CD61 /* EhVC.swift */,
				176FC62B1DDA716B00E1CD61 /* BeeVC.swift */,
				176FC62D1DDA716B00E1CD61 /* Main.storyboard */,
				176FC6301DDA716B00E1CD61 /* Assets.xcassets */,
				176FC6321DDA716B00E1CD61 /* LaunchScreen.storyboard */,
				176FC6351DDA716B00E1CD61 /* Info.plist */,
			);
			path = "Git-ICE-SB";
			sourceTree = "<group>";
		};
/* End PBXGroup section */

/* Begin PBXNativeTarget section */
		176FC6231DDA716B00E1CD61 /* Git-ICE-SB */ = {
			isa = PBXNativeTarget;
			buildConfigurationList = 176FC6381DDA716B00E1CD61 /* Build configuration list for PBXNativeTarget "Git-ICE-SB" */;
			buildPhases = (
				176FC6201DDA716B00E1CD61 /* Sources */,
				176FC6211DDA716B00E1CD61 /* Frameworks */,
				176FC6221DDA716B00E1CD61 /* Resources */,
			);
			buildRules = (
			);
			dependencies = (
			);
			name = "Git-ICE-SB";
			productName = "Git-ICE-SB";
			productReference = 176FC6241DDA716B00E1CD61 /* Git-ICE-SB.app */;
			productType = "com.apple.product-type.application";
		};
/* End PBXNativeTarget section */

/* Begin PBXProject section */
		176FC61C1DDA716B00E1CD61 /* Project object */ = {
			isa = PBXProject;
			attributes = {
				LastSwiftUpdateCheck = 0730;
				LastUpgradeCheck = 0730;
				ORGANIZATIONNAME = "Bandaru Sreekanth";
				TargetAttributes = {
					176FC6231DDA716B00E1CD61 = {
						CreatedOnToolsVersion = 7.3.1;
					};
				};
			};
			buildConfigurationList = 176FC61F1DDA716B00E1CD61 /* Build configuration list for PBXProject "Git-ICE-SB" */;
			compatibilityVersion = "Xcode 3.2";
			developmentRegion = English;
			hasScannedForEncodings = 0;
			knownRegions = (
				en,
				Base,
			);
			mainGroup = 176FC61B1DDA716B00E1CD61;
			productRefGroup = 176FC6251DDA716B00E1CD61 /* Products */;
			projectDirPath = "";
			projectRoot = "";
			targets = (
				176FC6231DDA716B00E1CD61 /* Git-ICE-SB */,
			);
		};
/* End PBXProject section */

/* Begin PBXResourcesBuildPhase section */
		176FC6221DDA716B00E1CD61 /* Resources */ = {
			isa = PBXResourcesBuildPhase;
			buildActionMask = 2147483647;
			files = (
				176FC6341DDA716B00E1CD61 /* LaunchScreen.storyboard in Resources */,
				176FC6311DDA716B00E1CD61 /* Assets.xcassets in Resources */,
				176FC62F1DDA716B00E1CD61 /* Main.storyboard in Resources */,
			);
			runOnlyForDeploymentPostprocessing = 0;
		};
/* End PBXResourcesBuildPhase section */

/* Begin PBXSourcesBuildPhase section */
		176FC6201DDA716B00E1CD61 /* Sources */ = {
			isa = PBXSourcesBuildPhase;
			buildActionMask = 2147483647;
			files = (
				176FC63C1DDA746800E1CD61 /* SeaVC.swift in Sources */,
				176FC62C1DDA716B00E1CD61 /* BeeVC.swift in Sources */,
				176FC6281DDA716B00E1CD61 /* AppDelegate.swift in Sources */,
				176FC62A1DDA716B00E1CD61 /* EhVC.swift in Sources */,
			);
			runOnlyForDeploymentPostprocessing = 0;
		};
/* End PBXSourcesBuildPhase section */

/* Begin PBXVariantGroup section */
		176FC62D1DDA716B00E1CD61 /* Main.storyboard */ = {
			isa = PBXVariantGroup;
			children = (
				176FC62E1DDA716B00E1CD61 /* Base */,
			);
			name = Main.storyboard;
			sourceTree = "<group>";
		};
		176FC6321DDA716B00E1CD61 /* LaunchScreen.storyboard */ = {
			isa = PBXVariantGroup;
			children = (
				176FC6331DDA716B00E1CD61 /* Base */,
			);
			name = LaunchScreen.storyboard;
			sourceTree = "<group>";
		};
/* End PBXVariantGroup section */

/* Begin XCBuildConfiguration section */
		176FC6361DDA716B00E1CD61 /* Debug */ = {
			isa = XCBuildConfiguration;
			buildSettings = {
				ALWAYS_SEARCH_USER_PATHS = NO;
				CLANG_ANALYZER_NONNULL = YES;
				CLANG_CXX_LANGUAGE_STANDARD = "gnu++0x";
				CLANG_CXX_LIBRARY = "libc++";
				CLANG_ENABLE_MODULES = YES;
				CLANG_ENABLE_OBJC_ARC = YES;
				CLANG_WARN_BOOL_CONVERSION = YES;
				CLANG_WARN_CONSTANT_CONVERSION = YES;
				CLANG_WARN_DIRECT_OBJC_ISA_USAGE = YES_ERROR;
				CLANG_WARN_EMPTY_BODY = YES;
				CLANG_WARN_ENUM_CONVERSION = YES;
				CLANG_WARN_INT_CONVERSION = YES;
				CLANG_WARN_OBJC_ROOT_CLASS = YES_ERROR;
				CLANG_WARN_UNREACHABLE_CODE = YES;
				CLANG_WARN__DUPLICATE_METHOD_MATCH = YES;
				"CODE_SIGN_IDENTITY[sdk=iphoneos*]" = "iPhone Developer";
				COPY_PHASE_STRIP = NO;
				DEBUG_INFORMATION_FORMAT = dwarf;
				ENABLE_STRICT_OBJC_MSGSEND = YES;
				ENABLE_TESTABILITY = YES;
				GCC_C_LANGUAGE_STANDARD = gnu99;
				GCC_DYNAMIC_NO_PIC = NO;
				GCC_NO_COMMON_BLOCKS = YES;
				GCC_OPTIMIZATION_LEVEL = 0;
				GCC_PREPROCESSOR_DEFINITIONS = (
					"DEBUG=1",
					"$(inherited)",
				);
				GCC_WARN_64_TO_32_BIT_CONVERSION = YES;
				GCC_WARN_ABOUT_RETURN_TYPE = YES_ERROR;
				GCC_WARN_UNDECLARED_SELECTOR = YES;
				GCC_WARN_UNINITIALIZED_AUTOS = YES_AGGRESSIVE;
				GCC_WARN_UNUSED_FUNCTION = YES;
				GCC_WARN_UNUSED_VARIABLE = YES;
				IPHONEOS_DEPLOYMENT_TARGET = 9.3;
				MTL_ENABLE_DEBUG_INFO = YES;
				ONLY_ACTIVE_ARCH = YES;
				SDKROOT = iphoneos;
				SWIFT_OPTIMIZATION_LEVEL = "-Onone";
			};
			name = Debug;
		};
		176FC6371DDA716B00E1CD61 /* Release */ = {
			isa = XCBuildConfiguration;
			buildSettings = {
				ALWAYS_SEARCH_USER_PATHS = NO;
				CLANG_ANALYZER_NONNULL = YES;
				CLANG_CXX_LANGUAGE_STANDARD = "gnu++0x";
				CLANG_CXX_LIBRARY = "libc++";
				CLANG_ENABLE_MODULES = YES;
				CLANG_ENABLE_OBJC_ARC = YES;
				CLANG_WARN_BOOL_CONVERSION = YES;
				CLANG_WARN_CONSTANT_CONVERSION = YES;
				CLANG_WARN_DIRECT_OBJC_ISA_USAGE = YES_ERROR;
				CLANG_WARN_EMPTY_BODY = YES;
				CLANG_WARN_ENUM_CONVERSION = YES;
				CLANG_WARN_INT_CONVERSION = YES;
				CLANG_WARN_OBJC_ROOT_CLASS = YES_ERROR;
				CLANG_WARN_UNREACHABLE_CODE = YES;
				CLANG_WARN__DUPLICATE_METHOD_MATCH = YES;
				"CODE_SIGN_IDENTITY[sdk=iphoneos*]" = "iPhone Developer";
				COPY_PHASE_STRIP = NO;
				DEBUG_INFORMATION_FORMAT = "dwarf-with-dsym";
				ENABLE_NS_ASSERTIONS = NO;
				ENABLE_STRICT_OBJC_MSGSEND = YES;
				GCC_C_LANGUAGE_STANDARD = gnu99;
				GCC_NO_COMMON_BLOCKS = YES;
				GCC_WARN_64_TO_32_BIT_CONVERSION = YES;
				GCC_WARN_ABOUT_RETURN_TYPE = YES_ERROR;
				GCC_WARN_UNDECLARED_SELECTOR = YES;
				GCC_WARN_UNINITIALIZED_AUTOS = YES_AGGRESSIVE;
				GCC_WARN_UNUSED_FUNCTION = YES;
				GCC_WARN_UNUSED_VARIABLE = YES;
				IPHONEOS_DEPLOYMENT_TARGET = 9.3;
				MTL_ENABLE_DEBUG_INFO = NO;
				SDKROOT = iphoneos;
				VALIDATE_PRODUCT = YES;
			};
			name = Release;
		};
		176FC6391DDA716B00E1CD61 /* Debug */ = {
			isa = XCBuildConfiguration;
			buildSettings = {
				ASSETCATALOG_COMPILER_APPICON_NAME = AppIcon;
				INFOPLIST_FILE = "Git-ICE-SB/Info.plist";
				LD_RUNPATH_SEARCH_PATHS = "$(inherited) @executable_path/Frameworks";
				PRODUCT_BUNDLE_IDENTIFIER = "edu.nwmissouri.Git-ICE-SB";
				PRODUCT_NAME = "$(TARGET_NAME)";
			};
			name = Debug;
		};
		176FC63A1DDA716B00E1CD61 /* Release */ = {
			isa = XCBuildConfiguration;
			buildSettings = {
				ASSETCATALOG_COMPILER_APPICON_NAME = AppIcon;
				INFOPLIST_FILE = "Git-ICE-SB/Info.plist";
				LD_RUNPATH_SEARCH_PATHS = "$(inherited) @executable_path/Frameworks";
				PRODUCT_BUNDLE_IDENTIFIER = "edu.nwmissouri.Git-ICE-SB";
				PRODUCT_NAME = "$(TARGET_NAME)";
			};
			name = Release;
		};
/* End XCBuildConfiguration section */

/* Begin XCConfigurationList section */
		176FC61F1DDA716B00E1CD61 /* Build configuration list for PBXProject "Git-ICE-SB" */ = {
			isa = XCConfigurationList;
			buildConfigurations = (
				176FC6361DDA716B00E1CD61 /* Debug */,
				176FC6371DDA716B00E1CD61 /* Release */,
			);
			defaultConfigurationIsVisible = 0;
			defaultConfigurationName = Release;
		};
		176FC6381DDA716B00E1CD61 /* Build configuration list for PBXNativeTarget "Git-ICE-SB" */ = {
			isa = XCConfigurationList;
			buildConfigurations = (
				176FC6391DDA716B00E1CD61 /* Debug */,
				176FC63A1DDA716B00E1CD61 /* Release */,
			);
			defaultConfigurationIsVisible = 0;
		};
/* End XCConfigurationList section */
	};
	rootObject = 176FC61C1DDA716B00E1CD61 /* Project object */;
}
